
Microsoft Visual Studio Solution File, Format Version 11.00
# Visual Web Developer Express 2010
Project("{FAE04EC0-301F-11D3-BF4B-00C04F79EFBC}") = "Addsample", "Addsample\Addsample.csproj", "{1DDE8825-B0EC-49AB-838E-820CCE90FBB4}"
EndProject
Global
	GlobalSection(SolutionConfigurationPlatforms) = preSolution
		Debug|Any CPU = Debug|Any CPU
		Release|Any CPU = Release|Any CPU
	EndGlobalSection
	GlobalSection(ProjectConfigurationPlatforms) = postSolution
		{1DDE8825-B0EC-49AB-838E-820CCE90FBB4}.Debug|Any CPU.ActiveCfg = Debug|Any CPU
		{1DDE8825-B0EC-49AB-838E-820CCE90FBB4}.Debug|Any CPU.Build.0 = Debug|Any CPU
		{1DDE8825-B0EC-49AB-838E-820CCE90FBB4}.Release|Any CPU.ActiveCfg = Release|Any CPU
		{1DDE8825-B0EC-49AB-838E-820CCE90FBB4}.Release|Any CPU.Build.0 = Release|Any CPU
	EndGlobalSection
	GlobalSection(SolutionProperties) = preSolution
		HideSolutionNode = FALSE
	EndGlobalSection
EndGlobal
